{
  "name": "cytoscape-ng-lib",
  "version": "0.0.2",
  "lockfileVersion": 1,
  "requires": true,
  "dependencies": {
    "cytoscape": {
      "version": "3.2.21",
      "resolved": "https://registry.npmjs.org/cytoscape/-/cytoscape-3.2.21.tgz",
      "integrity": "sha512-q6i3DNrSsczS4x3uDuZe6dKJEobxJjNyIYJgYckUo33okU38QQQUf9NfYo+IOooQrJ/gTIUTrfUmSJrcwnSeUA==",
      "requires": {
        "heap": "^0.2.6",
        "lodash.debounce": "^4.0.8"
      }
    },
    "heap": {
      "version": "0.2.6",
      "resolved": "https://registry.npmjs.org/heap/-/heap-0.2.6.tgz",
      "integrity": "sha1-CH4fELBGky/IWU3Z5tN4r8nR5aw="
    },
    "lodash.debounce": {
      "version": "4.0.8",
      "resolved": "https://registry.npmjs.org/lodash.debounce/-/lodash.debounce-4.0.8.tgz",
      "integrity": "sha1-gteb/zCmfEAF/9XiUVMArZyk168="
    }
  }
}